// !$*UTF8*$!
{
	archiveVersion = 1;
	classes = {
	};
	objectVersion = 42;
	objects = {

/* Begin PBXBuildFile section */
		8538ABBB166D656C003364AB /* AppController.m in Sources */ = {isa = PBXBuildFile; fileRef = 8538ABBA166D656C003364AB /* AppController.m */; };
		8538ABCC166D6693003364AB /* DiffFileChooser.m in Sources */ = {isa = PBXBuildFile; fileRef = 8538ABBD166D6693003364AB /* DiffFileChooser.m */; };
		8538ABCD166D6693003364AB /* DiffMiddleView.m in Sources */ = {isa = PBXBuildFile; fileRef = 8538ABBF166D6693003364AB /* DiffMiddleView.m */; };
		8538ABCE166D6693003364AB /* DiffScroller.m in Sources */ = {isa = PBXBuildFile; fileRef = 8538ABC1166D6693003364AB /* DiffScroller.m */; };
		8538ABCF166D6693003364AB /* DiffTextView.m in Sources */ = {isa = PBXBuildFile; fileRef = 8538ABC3166D6693003364AB /* DiffTextView.m */; };
		8538ABD0166D6693003364AB /* DiffView.m in Sources */ = {isa = PBXBuildFile; fileRef = 8538ABC5166D6693003364AB /* DiffView.m */; };
		8538ABD1166D6693003364AB /* DiffWindowController.m in Sources */ = {isa = PBXBuildFile; fileRef = 8538ABC7166D6693003364AB /* DiffWindowController.m */; };
		8538ABD2166D6693003364AB /* DiffWrapper.m in Sources */ = {isa = PBXBuildFile; fileRef = 8538ABC9166D6693003364AB /* DiffWrapper.m */; };
		8538ABD3166D6693003364AB /* FileIconView.m in Sources */ = {isa = PBXBuildFile; fileRef = 8538ABCB166D6693003364AB /* FileIconView.m */; };
		8538ABDA166D6D48003364AB /* window.nib in Resources */ = {isa = PBXBuildFile; fileRef = 8538ABD8166D6D48003364AB /* window.nib */; };
		85ED097916755B1100B58D5B /* ChangeLog in Resources */ = {isa = PBXBuildFile; fileRef = 85ED097816755B1100B58D5B /* ChangeLog */; };
		8D11072A0486CEB800E47090 /* main.nib in Resources */ = {isa = PBXBuildFile; fileRef = 29B97318FDCFA39411CA2CEA /* main.nib */; };
		8D11072B0486CEB800E47090 /* InfoPlist.strings in Resources */ = {isa = PBXBuildFile; fileRef = 089C165CFE840E0CC02AAC07 /* InfoPlist.strings */; };
		8D11072D0486CEB800E47090 /* main.m in Sources */ = {isa = PBXBuildFile; fileRef = 29B97316FDCFA39411CA2CEA /* main.m */; settings = {ATTRIBUTES = (); }; };
		8D11072F0486CEB800E47090 /* Cocoa.framework in Frameworks */ = {isa = PBXBuildFile; fileRef = 1058C7A1FEA54F0111CA2CBB /* Cocoa.framework */; };
/* End PBXBuildFile section */

/* Begin PBXFileReference section */
		089C165DFE840E0CC02AAC07 /* English */ = {isa = PBXFileReference; fileEncoding = 10; lastKnownFileType = text.plist.strings; name = English; path = English.lproj/InfoPlist.strings; sourceTree = "<group>"; };
		1058C7A1FEA54F0111CA2CBB /* Cocoa.framework */ = {isa = PBXFileReference; lastKnownFileType = wrapper.framework; name = Cocoa.framework; path = /System/Library/Frameworks/Cocoa.framework; sourceTree = "<absolute>"; };
		13E42FB307B3F0F600E4EEF1 /* CoreData.framework */ = {isa = PBXFileReference; lastKnownFileType = wrapper.framework; name = CoreData.framework; path = /System/Library/Frameworks/CoreData.framework; sourceTree = "<absolute>"; };
		29B97316FDCFA39411CA2CEA /* main.m */ = {isa = PBXFileReference; fileEncoding = 4; lastKnownFileType = sourcecode.c.objc; path = main.m; sourceTree = "<group>"; };
		29B97319FDCFA39411CA2CEA /* English */ = {isa = PBXFileReference; lastKnownFileType = wrapper.nib; name = English; path = English.lproj/main.nib; sourceTree = "<group>"; };
		29B97324FDCFA39411CA2CEA /* AppKit.framework */ = {isa = PBXFileReference; lastKnownFileType = wrapper.framework; name = AppKit.framework; path = /System/Library/Frameworks/AppKit.framework; sourceTree = "<absolute>"; };
		29B97325FDCFA39411CA2CEA /* Foundation.framework */ = {isa = PBXFileReference; lastKnownFileType = wrapper.framework; name = Foundation.framework; path = /System/Library/Frameworks/Foundation.framework; sourceTree = "<absolute>"; };
		8538ABB9166D656C003364AB /* AppController.h */ = {isa = PBXFileReference; fileEncoding = 30; lastKnownFileType = sourcecode.c.h; path = AppController.h; sourceTree = "<group>"; };
		8538ABBA166D656C003364AB /* AppController.m */ = {isa = PBXFileReference; fileEncoding = 30; lastKnownFileType = sourcecode.c.objc; path = AppController.m; sourceTree = "<group>"; };
		8538ABBC166D6693003364AB /* DiffFileChooser.h */ = {isa = PBXFileReference; fileEncoding = 30; lastKnownFileType = sourcecode.c.h; path = DiffFileChooser.h; sourceTree = "<group>"; };
		8538ABBD166D6693003364AB /* DiffFileChooser.m */ = {isa = PBXFileReference; fileEncoding = 30; lastKnownFileType = sourcecode.c.objc; path = DiffFileChooser.m; sourceTree = "<group>"; };
		8538ABBE166D6693003364AB /* DiffMiddleView.h */ = {isa = PBXFileReference; fileEncoding = 30; lastKnownFileType = sourcecode.c.h; path = DiffMiddleView.h; sourceTree = "<group>"; };
		8538ABBF166D6693003364AB /* DiffMiddleView.m */ = {isa = PBXFileReference; fileEncoding = 30; lastKnownFileType = sourcecode.c.objc; path = DiffMiddleView.m; sourceTree = "<group>"; };
		8538ABC0166D6693003364AB /* DiffScroller.h */ = {isa = PBXFileReference; fileEncoding = 30; lastKnownFileType = sourcecode.c.h; path = DiffScroller.h; sourceTree = "<group>"; };
		8538ABC1166D6693003364AB /* DiffScroller.m */ = {isa = PBXFileReference; fileEncoding = 30; lastKnownFileType = sourcecode.c.objc; path = DiffScroller.m; sourceTree = "<group>"; };
		8538ABC2166D6693003364AB /* DiffTextView.h */ = {isa = PBXFileReference; fileEncoding = 30; lastKnownFileType = sourcecode.c.h; path = DiffTextView.h; sourceTree = "<group>"; };
		8538ABC3166D6693003364AB /* DiffTextView.m */ = {isa = PBXFileReference; fileEncoding = 30; lastKnownFileType = sourcecode.c.objc; path = DiffTextView.m; sourceTree = "<group>"; };
		8538ABC4166D6693003364AB /* DiffView.h */ = {isa = PBXFileReference; fileEncoding = 30; lastKnownFileType = sourcecode.c.h; path = DiffView.h; sourceTree = "<group>"; };
		8538ABC5166D6693003364AB /* DiffView.m */ = {isa = PBXFileReference; fileEncoding = 30; lastKnownFileType = sourcecode.c.objc; path = DiffView.m; sourceTree = "<group>"; };
		8538ABC6166D6693003364AB /* DiffWindowController.h */ = {isa = PBXFileReference; fileEncoding = 30; lastKnownFileType = sourcecode.c.h; path = DiffWindowController.h; sourceTree = "<group>"; };
		8538ABC7166D6693003364AB /* DiffWindowController.m */ = {isa = PBXFileReference; fileEncoding = 30; lastKnownFileType = sourcecode.c.objc; path = DiffWindowController.m; sourceTree = "<group>"; };
		8538ABC8166D6693003364AB /* DiffWrapper.h */ = {isa = PBXFileReference; fileEncoding = 30; lastKnownFileType = sourcecode.c.h; path = DiffWrapper.h; sourceTree = "<group>"; };
		8538ABC9166D6693003364AB /* DiffWrapper.m */ = {isa = PBXFileReference; fileEncoding = 30; lastKnownFileType = sourcecode.c.objc; path = DiffWrapper.m; sourceTree = "<group>"; };
		8538ABCA166D6693003364AB /* FileIconView.h */ = {isa = PBXFileReference; fileEncoding = 30; lastKnownFileType = sourcecode.c.h; path = FileIconView.h; sourceTree = "<group>"; };
		8538ABCB166D6693003364AB /* FileIconView.m */ = {isa = PBXFileReference; fileEncoding = 30; lastKnownFileType = sourcecode.c.objc; path = FileIconView.m; sourceTree = "<group>"; };
		8538ABD9166D6D48003364AB /* English */ = {isa = PBXFileReference; lastKnownFileType = wrapper.nib; name = English; path = English.lproj/window.nib; sourceTree = "<group>"; };
		85ED097816755B1100B58D5B /* ChangeLog */ = {isa = PBXFileReference; fileEncoding = 30; lastKnownFileType = text; path = ChangeLog; sourceTree = "<group>"; };
		8D1107310486CEB800E47090 /* Info.plist */ = {isa = PBXFileReference; fileEncoding = 4; lastKnownFileType = text.plist; path = Info.plist; sourceTree = "<group>"; };
		8D1107320486CEB800E47090 /* EasyDiff.app */ = {isa = PBXFileReference; explicitFileType = wrapper.application; includeInIndex = 0; path = EasyDiff.app; sourceTree = BUILT_PRODUCTS_DIR; };
/* End PBXFileReference section */

/* Begin PBXFrameworksBuildPhase section */
		8D11072E0486CEB800E47090 /* Frameworks */ = {
			isa = PBXFrameworksBuildPhase;
			buildActionMask = 2147483647;
			files = (
				8D11072F0486CEB800E47090 /* Cocoa.framework in Frameworks */,
			);
			runOnlyForDeploymentPostprocessing = 0;
		};
/* End PBXFrameworksBuildPhase section */

/* Begin PBXGroup section */
		080E96DDFE201D6D7F000001 /* Classes */ = {
			isa = PBXGroup;
			children = (
				8538ABBC166D6693003364AB /* DiffFileChooser.h */,
				8538ABBD166D6693003364AB /* DiffFileChooser.m */,
				8538ABBE166D6693003364AB /* DiffMiddleView.h */,
				8538ABBF166D6693003364AB /* DiffMiddleView.m */,
				8538ABC0166D6693003364AB /* DiffScroller.h */,
				8538ABC1166D6693003364AB /* DiffScroller.m */,
				8538ABC2166D6693003364AB /* DiffTextView.h */,
				8538ABC3166D6693003364AB /* DiffTextView.m */,
				8538ABC4166D6693003364AB /* DiffView.h */,
				8538ABC5166D6693003364AB /* DiffView.m */,
				8538ABC6166D6693003364AB /* DiffWindowController.h */,
				8538ABC7166D6693003364AB /* DiffWindowController.m */,
				8538ABC8166D6693003364AB /* DiffWrapper.h */,
				8538ABC9166D6693003364AB /* DiffWrapper.m */,
				8538ABCA166D6693003364AB /* FileIconView.h */,
				8538ABCB166D6693003364AB /* FileIconView.m */,
				8538ABB9166D656C003364AB /* AppController.h */,
				8538ABBA166D656C003364AB /* AppController.m */,
			);
			name = Classes;
			sourceTree = "<group>";
		};
		1058C7A0FEA54F0111CA2CBB /* Linked Frameworks */ = {
			isa = PBXGroup;
			children = (
				1058C7A1FEA54F0111CA2CBB /* Cocoa.framework */,
			);
			name = "Linked Frameworks";
			sourceTree = "<group>";
		};
		1058C7A2FEA54F0111CA2CBB /* Other Frameworks */ = {
			isa = PBXGroup;
			children = (
				29B97324FDCFA39411CA2CEA /* AppKit.framework */,
				13E42FB307B3F0F600E4EEF1 /* CoreData.framework */,
				29B97325FDCFA39411CA2CEA /* Foundation.framework */,
			);
			name = "Other Frameworks";
			sourceTree = "<group>";
		};
		19C28FACFE9D520D11CA2CBB /* Products */ = {
			isa = PBXGroup;
			children = (
				8D1107320486CEB800E47090 /* EasyDiff.app */,
			);
			name = Products;
			sourceTree = "<group>";
		};
		29B97314FDCFA39411CA2CEA /* EasyDiff */ = {
			isa = PBXGroup;
			children = (
				080E96DDFE201D6D7F000001 /* Classes */,
				29B97315FDCFA39411CA2CEA /* Other Sources */,
				29B97317FDCFA39411CA2CEA /* Resources */,
				29B97323FDCFA39411CA2CEA /* Frameworks */,
				19C28FACFE9D520D11CA2CBB /* Products */,
			);
			name = EasyDiff;
			sourceTree = "<group>";
		};
		29B97315FDCFA39411CA2CEA /* Other Sources */ = {
			isa = PBXGroup;
			children = (
				29B97316FDCFA39411CA2CEA /* main.m */,
			);
			name = "Other Sources";
			sourceTree = "<group>";
		};
		29B97317FDCFA39411CA2CEA /* Resources */ = {
			isa = PBXGroup;
			children = (
				85ED097816755B1100B58D5B /* ChangeLog */,
				8D1107310486CEB800E47090 /* Info.plist */,
				089C165CFE840E0CC02AAC07 /* InfoPlist.strings */,
				29B97318FDCFA39411CA2CEA /* main.nib */,
				8538ABD8166D6D48003364AB /* window.nib */,
			);
			name = Resources;
			sourceTree = "<group>";
		};
		29B97323FDCFA39411CA2CEA /* Frameworks */ = {
			isa = PBXGroup;
			children = (
				1058C7A0FEA54F0111CA2CBB /* Linked Frameworks */,
				1058C7A2FEA54F0111CA2CBB /* Other Frameworks */,
			);
			name = Frameworks;
			sourceTree = "<group>";
		};
/* End PBXGroup section */

/* Begin PBXNativeTarget section */
		8D1107260486CEB800E47090 /* EasyDiff */ = {
			isa = PBXNativeTarget;
			buildConfigurationList = C01FCF4A08A954540054247B /* Build configuration list for PBXNativeTarget "EasyDiff" */;
			buildPhases = (
				8D1107290486CEB800E47090 /* Resources */,
				8D11072C0486CEB800E47090 /* Sources */,
				8D11072E0486CEB800E47090 /* Frameworks */,
			);
			buildRules = (
			);
			dependencies = (
			);
			name = EasyDiff;
			productInstallPath = "$(HOME)/Applications";
			productName = EasyDiff;
			productReference = 8D1107320486CEB800E47090 /* EasyDiff.app */;
			productType = "com.apple.product-type.application";
		};
/* End PBXNativeTarget section */

/* Begin PBXProject section */
		29B97313FDCFA39411CA2CEA /* Project object */ = {
			isa = PBXProject;
			buildConfigurationList = C01FCF4E08A954540054247B /* Build configuration list for PBXProject "EasyDiff-T" */;
			hasScannedForEncodings = 1;
			mainGroup = 29B97314FDCFA39411CA2CEA /* EasyDiff */;
			projectDirPath = "";
			targets = (
				8D1107260486CEB800E47090 /* EasyDiff */,
			);
		};
/* End PBXProject section */

/* Begin PBXResourcesBuildPhase section */
		8D1107290486CEB800E47090 /* Resources */ = {
			isa = PBXResourcesBuildPhase;
			buildActionMask = 2147483647;
			files = (
				8D11072A0486CEB800E47090 /* main.nib in Resources */,
				8D11072B0486CEB800E47090 /* InfoPlist.strings in Resources */,
				8538ABDA166D6D48003364AB /* window.nib in Resources */,
				85ED097916755B1100B58D5B /* ChangeLog in Resources */,
			);
			runOnlyForDeploymentPostprocessing = 0;
		};
/* End PBXResourcesBuildPhase section */

/* Begin PBXSourcesBuildPhase section */
		8D11072C0486CEB800E47090 /* Sources */ = {
			isa = PBXSourcesBuildPhase;
			buildActionMask = 2147483647;
			files = (
				8D11072D0486CEB800E47090 /* main.m in Sources */,
				8538ABBB166D656C003364AB /* AppController.m in Sources */,
				8538ABCC166D6693003364AB /* DiffFileChooser.m in Sources */,
				8538ABCD166D6693003364AB /* DiffMiddleView.m in Sources */,
				8538ABCE166D6693003364AB /* DiffScroller.m in Sources */,
				8538ABCF166D6693003364AB /* DiffTextView.m in Sources */,
				8538ABD0166D6693003364AB /* DiffView.m in Sources */,
				8538ABD1166D6693003364AB /* DiffWindowController.m in Sources */,
				8538ABD2166D6693003364AB /* DiffWrapper.m in Sources */,
				8538ABD3166D6693003364AB /* FileIconView.m in Sources */,
			);
			runOnlyForDeploymentPostprocessing = 0;
		};
/* End PBXSourcesBuildPhase section */

/* Begin PBXVariantGroup section */
		089C165CFE840E0CC02AAC07 /* InfoPlist.strings */ = {
			isa = PBXVariantGroup;
			children = (
				089C165DFE840E0CC02AAC07 /* English */,
			);
			name = InfoPlist.strings;
			sourceTree = "<group>";
		};
		29B97318FDCFA39411CA2CEA /* main.nib */ = {
			isa = PBXVariantGroup;
			children = (
				29B97319FDCFA39411CA2CEA /* English */,
			);
			name = main.nib;
			sourceTree = "<group>";
		};
		8538ABD8166D6D48003364AB /* window.nib */ = {
			isa = PBXVariantGroup;
			children = (
				8538ABD9166D6D48003364AB /* English */,
			);
			name = window.nib;
			sourceTree = "<group>";
		};
/* End PBXVariantGroup section */

/* Begin XCBuildConfiguration section */
		C01FCF4B08A954540054247B /* Debug */ = {
			isa = XCBuildConfiguration;
			buildSettings = {
				COPY_PHASE_STRIP = NO;
				GCC_DYNAMIC_NO_PIC = NO;
				GCC_ENABLE_FIX_AND_CONTINUE = YES;
				GCC_MODEL_TUNING = G4;
				GCC_OPTIMIZATION_LEVEL = 0;
				INFOPLIST_FILE = Info.plist;
				INSTALL_PATH = "$(HOME)/Applications";
				PRECOMPS_INCLUDE_HEADERS_FROM_BUILT_PRODUCTS_DIR = NO;
				PRODUCT_NAME = EasyDiff;
				WRAPPER_EXTENSION = app;
				ZERO_LINK = YES;
			};
			name = Debug;
		};
		C01FCF4C08A954540054247B /* Release */ = {
			isa = XCBuildConfiguration;
			buildSettings = {
				ARCHS = (
					ppc,
					i386,
				);
				GCC_GENERATE_DEBUGGING_SYMBOLS = NO;
				GCC_MODEL_TUNING = G4;
				INFOPLIST_FILE = Info.plist;
				INSTALL_PATH = "$(HOME)/Applications";
				PRECOMPS_INCLUDE_HEADERS_FROM_BUILT_PRODUCTS_DIR = NO;
				PRODUCT_NAME = EasyDiff;
				WRAPPER_EXTENSION = app;
			};
			name = Release;
		};
		C01FCF4F08A954540054247B /* Debug */ = {
			isa = XCBuildConfiguration;
			buildSettings = {
				GCC_WARN_ABOUT_RETURN_TYPE = YES;
				GCC_WARN_UNUSED_VARIABLE = YES;
				PREBINDING = NO;
				SDKROOT = /Developer/SDKs/MacOSX10.4u.sdk;
			};
			name = Debug;
		};
		C01FCF5008A954540054247B /* Release */ = {
			isa = XCBuildConfiguration;
			buildSettings = {
				GCC_WARN_ABOUT_RETURN_TYPE = YES;
				GCC_WARN_UNUSED_VARIABLE = YES;
				PREBINDING = NO;
				SDKROOT = /Developer/SDKs/MacOSX10.4u.sdk;
			};
			name = Release;
		};
/* End XCBuildConfiguration section */

/* Begin XCConfigurationList section */
		C01FCF4A08A954540054247B /* Build configuration list for PBXNativeTarget "EasyDiff" */ = {
			isa = XCConfigurationList;
			buildConfigurations = (
				C01FCF4B08A954540054247B /* Debug */,
				C01FCF4C08A954540054247B /* Release */,
			);
			defaultConfigurationIsVisible = 0;
			defaultConfigurationName = Release;
		};
		C01FCF4E08A954540054247B /* Build configuration list for PBXProject "EasyDiff-T" */ = {
			isa = XCConfigurationList;
			buildConfigurations = (
				C01FCF4F08A954540054247B /* Debug */,
				C01FCF5008A954540054247B /* Release */,
			);
			defaultConfigurationIsVisible = 0;
			defaultConfigurationName = Release;
		};
/* End XCConfigurationList section */
	};
	rootObject = 29B97313FDCFA39411CA2CEA /* Project object */;
}
